
Microsoft Visual Studio Solution File, Format Version 12.00
# Visual Studio Version 16
VisualStudioVersion = 16.0.30907.101
MinimumVisualStudioVersion = 10.0.40219.1
Project("{9A19103F-16F7-4668-BE54-9A1E7A4F7556}") = "VocabularyTrainer", "VocabularyTrainer\VocabularyTrainer.csproj", "{6F48B609-F247-497F-B225-A41EEDC9822F}"
EndProject
Project("{FAE04EC0-301F-11D3-BF4B-00C04F79EFBC}") = "VocabularyTrainer.WebApi", "VocabularyTrainer.WebApi\VocabularyTrainer.WebApi.csproj", "{3CB68879-3304-4393-8F49-B4E215B1CAF9}"
EndProject
Global
	GlobalSection(SolutionConfigurationPlatforms) = preSolution
		Debug|Any CPU = Debug|Any CPU
		Release|Any CPU = Release|Any CPU
	EndGlobalSection
	GlobalSection(ProjectConfigurationPlatforms) = postSolution
		{6F48B609-F247-497F-B225-A41EEDC9822F}.Debug|Any CPU.ActiveCfg = Debug|Any CPU
		{6F48B609-F247-497F-B225-A41EEDC9822F}.Debug|Any CPU.Build.0 = Debug|Any CPU
		{6F48B609-F247-497F-B225-A41EEDC9822F}.Release|Any CPU.ActiveCfg = Release|Any CPU
		{6F48B609-F247-497F-B225-A41EEDC9822F}.Release|Any CPU.Build.0 = Release|Any CPU
		{3CB68879-3304-4393-8F49-B4E215B1CAF9}.Debug|Any CPU.ActiveCfg = Debug|Any CPU
		{3CB68879-3304-4393-8F49-B4E215B1CAF9}.Debug|Any CPU.Build.0 = Debug|Any CPU
		{3CB68879-3304-4393-8F49-B4E215B1CAF9}.Release|Any CPU.ActiveCfg = Release|Any CPU
		{3CB68879-3304-4393-8F49-B4E215B1CAF9}.Release|Any CPU.Build.0 = Release|Any CPU
	EndGlobalSection
	GlobalSection(SolutionProperties) = preSolution
		HideSolutionNode = FALSE
	EndGlobalSection
	GlobalSection(ExtensibilityGlobals) = postSolution
		SolutionGuid = {DA6DCA51-927C-4BCA-84E2-8D2EA2137F71}
	EndGlobalSection
EndGlobal
